PODS:
  - AFNetworking (3.1.0):
    - AFNetworking/NSURLSession (= 3.1.0)
    - AFNetworking/Reachability (= 3.1.0)
    - AFNetworking/Security (= 3.1.0)
    - AFNetworking/Serialization (= 3.1.0)
    - AFNetworking/UIKit (= 3.1.0)
  - AFNetworking/NSURLSession (3.1.0):
    - AFNetworking/Reachability
    - AFNetworking/Security
    - AFNetworking/Serialization
  - AFNetworking/Reachability (3.1.0)
  - AFNetworking/Security (3.1.0)
  - AFNetworking/Serialization (3.1.0)
  - AFNetworking/UIKit (3.1.0):
    - AFNetworking/NSURLSession
  - BlocksKit (2.2.5):
    - BlocksKit/All (= 2.2.5)
  - BlocksKit/All (2.2.5):
    - BlocksKit/Core
    - BlocksKit/DynamicDelegate
    - BlocksKit/MessageUI
    - BlocksKit/UIKit
  - BlocksKit/Core (2.2.5)
  - BlocksKit/DynamicDelegate (2.2.5)
  - BlocksKit/MessageUI (2.2.5):
    - BlocksKit/Core
    - BlocksKit/DynamicDelegate
  - BlocksKit/UIKit (2.2.5):
    - BlocksKit/Core
    - BlocksKit/DynamicDelegate
  - JSONModel (1.0.2)
  - MBProgressHUD (1.0.0)
  - pop (1.0.9)
  - PureLayout (3.0.2)
  - Reachability (3.2)
  - SDWebImage (3.8.1):
    - SDWebImage/Core (= 3.8.1)
  - SDWebImage/Core (3.8.1)
  - SMPageControl (1.2)
  - UIImage-Categories (1.0.0)
  - UIImage-Resize (1.0.1)
  - ZYQAssetPickerController (1.0.0)

DEPENDENCIES:
  - AFNetworking (~> 3.0)
  - BlocksKit
  - JSONModel (~> 1.0.2)
  - MBProgressHUD
  - pop (~> 1.0.7)
  - PureLayout
  - Reachability
  - SDWebImage
  - SMPageControl
  - UIImage-Categories
  - UIImage-Resize
  - ZYQAssetPickerController

SPEC CHECKSUMS:
  AFNetworking: 5e0e199f73d8626b11e79750991f5d173d1f8b67
  BlocksKit: 7f422b971407001178d181a43b99014ea2591fe6
  JSONModel: 6ffcb4ffa3659c9e9a2e5d45d6c7705bab187c03
  MBProgressHUD: 4890f671c94e8a0f3cf959aa731e9de2f036d71a
  pop: f667631a5108a2e60d9e8797c9b32ddaf2080bce
  PureLayout: 4d550abe49a94f24c2808b9b95db9131685fe4cd
  Reachability: 33e18b67625424e47b6cde6d202dce689ad7af96
  SDWebImage: 35f9627a3e44b4f292a8a8ce6a531fa488239b91
  SMPageControl: 922892813001cfaf059e86e6801f46a967e9ee29
  UIImage-Categories: a0593f6a7991c99016b9ecadfbd38b3717ff1a73
  UIImage-Resize: fa776860f10e6900bbaf53a73e494bdceaaccc77
  ZYQAssetPickerController: e5cf51ee6c05fa06746830026c247cb9f6699e84

PODFILE CHECKSUM: f7a55916bcc09890d6ad31cb3440f7352a89b959

COCOAPODS: 1.0.1
